
Microsoft Visual Studio Solution File, Format Version 12.00
# Visual Studio Version 16
VisualStudioVersion = 25.0.1705.0
MinimumVisualStudioVersion = 10.0.40219.1
Project("{FAE04EC0-301F-11D3-BF4B-00C04F79EFBC}") = "Room Calculator - Lab 1", "Room Calculator - Lab 1\Room Calculator - Lab 1.csproj", "{4929CDA8-6F6B-4C66-A9B6-78FF76473FB6}"
EndProject
Global
	GlobalSection(SolutionConfigurationPlatforms) = preSolution
		Debug|Any CPU = Debug|Any CPU
		Release|Any CPU = Release|Any CPU
	EndGlobalSection
	GlobalSection(ProjectConfigurationPlatforms) = postSolution
		{4929CDA8-6F6B-4C66-A9B6-78FF76473FB6}.Debug|Any CPU.ActiveCfg = Debug|Any CPU
		{4929CDA8-6F6B-4C66-A9B6-78FF76473FB6}.Debug|Any CPU.Build.0 = Debug|Any CPU
		{4929CDA8-6F6B-4C66-A9B6-78FF76473FB6}.Release|Any CPU.ActiveCfg = Release|Any CPU
		{4929CDA8-6F6B-4C66-A9B6-78FF76473FB6}.Release|Any CPU.Build.0 = Release|Any CPU
	EndGlobalSection
	GlobalSection(SolutionProperties) = preSolution
		HideSolutionNode = FALSE
	EndGlobalSection
	GlobalSection(ExtensibilityGlobals) = postSolution
		SolutionGuid = {DBA8BFA2-7B4A-4C18-BDA1-7563C8C819F6}
	EndGlobalSection
EndGlobal
